
Microsoft Visual Studio Solution File, Format Version 12.00
# Visual Studio Version 17
VisualStudioVersion = 17.2.32616.157
MinimumVisualStudioVersion = 10.0.40219.1
Project("{9A19103F-16F7-4668-BE54-9A1E7A4F7556}") = "MyMenuMerchant", "MyMenuMerchant\MyMenuMerchant.csproj", "{32319EAF-643F-4223-9C27-F68D138020B4}"
EndProject
Project("{9A19103F-16F7-4668-BE54-9A1E7A4F7556}") = "MyMenu.ORM", "..\..\..\Share\MyMenu.ORM\MyMenu.ORM.csproj", "{1735C323-2B7E-4BED-AB98-79DCFF9AF207}"
EndProject
Project("{9A19103F-16F7-4668-BE54-9A1E7A4F7556}") = "MyMenu.JAM", "..\..\..\Share\MyMenu.JAM\MyMenu.JAM.csproj", "{4DAF5FD0-D6D9-40D9-AA94-7EB949D3E5A6}"
EndProject
Global
	GlobalSection(SolutionConfigurationPlatforms) = preSolution
		Debug|Any CPU = Debug|Any CPU
		Release|Any CPU = Release|Any CPU
	EndGlobalSection
	GlobalSection(ProjectConfigurationPlatforms) = postSolution
		{32319EAF-643F-4223-9C27-F68D138020B4}.Debug|Any CPU.ActiveCfg = Debug|Any CPU
		{32319EAF-643F-4223-9C27-F68D138020B4}.Debug|Any CPU.Build.0 = Debug|Any CPU
		{32319EAF-643F-4223-9C27-F68D138020B4}.Release|Any CPU.ActiveCfg = Release|Any CPU
		{32319EAF-643F-4223-9C27-F68D138020B4}.Release|Any CPU.Build.0 = Release|Any CPU
		{1735C323-2B7E-4BED-AB98-79DCFF9AF207}.Debug|Any CPU.ActiveCfg = Debug|Any CPU
		{1735C323-2B7E-4BED-AB98-79DCFF9AF207}.Debug|Any CPU.Build.0 = Debug|Any CPU
		{1735C323-2B7E-4BED-AB98-79DCFF9AF207}.Release|Any CPU.ActiveCfg = Release|Any CPU
		{1735C323-2B7E-4BED-AB98-79DCFF9AF207}.Release|Any CPU.Build.0 = Release|Any CPU
		{4DAF5FD0-D6D9-40D9-AA94-7EB949D3E5A6}.Debug|Any CPU.ActiveCfg = Debug|Any CPU
		{4DAF5FD0-D6D9-40D9-AA94-7EB949D3E5A6}.Debug|Any CPU.Build.0 = Debug|Any CPU
		{4DAF5FD0-D6D9-40D9-AA94-7EB949D3E5A6}.Release|Any CPU.ActiveCfg = Release|Any CPU
		{4DAF5FD0-D6D9-40D9-AA94-7EB949D3E5A6}.Release|Any CPU.Build.0 = Release|Any CPU
	EndGlobalSection
	GlobalSection(SolutionProperties) = preSolution
		HideSolutionNode = FALSE
	EndGlobalSection
	GlobalSection(ExtensibilityGlobals) = postSolution
		SolutionGuid = {ECEB1D47-20AD-48C3-AE85-7D0481F0FEFE}
	EndGlobalSection
EndGlobal
