
Microsoft Visual Studio Solution File, Format Version 12.00
# Visual Studio Version 17
VisualStudioVersion = 17.2.32616.157
MinimumVisualStudioVersion = 10.0.40219.1
Project("{9A19103F-16F7-4668-BE54-9A1E7A4F7556}") = "MyMenuClient", "MyMenuClient\MyMenuClient.csproj", "{68FD899F-222A-492D-AE8B-05BE77DAC5D2}"
EndProject
Project("{9A19103F-16F7-4668-BE54-9A1E7A4F7556}") = "MyMenu.ORM", "..\..\..\Share\MyMenu.ORM\MyMenu.ORM.csproj", "{669E62CA-944A-466D-BCCF-8F7B46550751}"
EndProject
Project("{9A19103F-16F7-4668-BE54-9A1E7A4F7556}") = "MyMenu.JAM", "..\..\..\Share\MyMenu.JAM\MyMenu.JAM.csproj", "{4A188A79-1A36-482A-B20C-7E78186710AB}"
EndProject
Global
	GlobalSection(SolutionConfigurationPlatforms) = preSolution
		Debug|Any CPU = Debug|Any CPU
		Release|Any CPU = Release|Any CPU
	EndGlobalSection
	GlobalSection(ProjectConfigurationPlatforms) = postSolution
		{68FD899F-222A-492D-AE8B-05BE77DAC5D2}.Debug|Any CPU.ActiveCfg = Debug|Any CPU
		{68FD899F-222A-492D-AE8B-05BE77DAC5D2}.Debug|Any CPU.Build.0 = Debug|Any CPU
		{68FD899F-222A-492D-AE8B-05BE77DAC5D2}.Release|Any CPU.ActiveCfg = Release|Any CPU
		{68FD899F-222A-492D-AE8B-05BE77DAC5D2}.Release|Any CPU.Build.0 = Release|Any CPU
		{669E62CA-944A-466D-BCCF-8F7B46550751}.Debug|Any CPU.ActiveCfg = Debug|Any CPU
		{669E62CA-944A-466D-BCCF-8F7B46550751}.Debug|Any CPU.Build.0 = Debug|Any CPU
		{669E62CA-944A-466D-BCCF-8F7B46550751}.Release|Any CPU.ActiveCfg = Release|Any CPU
		{669E62CA-944A-466D-BCCF-8F7B46550751}.Release|Any CPU.Build.0 = Release|Any CPU
		{4A188A79-1A36-482A-B20C-7E78186710AB}.Debug|Any CPU.ActiveCfg = Debug|Any CPU
		{4A188A79-1A36-482A-B20C-7E78186710AB}.Debug|Any CPU.Build.0 = Debug|Any CPU
		{4A188A79-1A36-482A-B20C-7E78186710AB}.Release|Any CPU.ActiveCfg = Release|Any CPU
		{4A188A79-1A36-482A-B20C-7E78186710AB}.Release|Any CPU.Build.0 = Release|Any CPU
	EndGlobalSection
	GlobalSection(SolutionProperties) = preSolution
		HideSolutionNode = FALSE
	EndGlobalSection
	GlobalSection(ExtensibilityGlobals) = postSolution
		SolutionGuid = {11F13D6E-5DFD-4BA6-AE59-B25F181713AB}
	EndGlobalSection
EndGlobal
